// !$*UTF8*$!
{
	archiveVersion = 1;
	classes = {
	};
	objectVersion = 56;
	objects = {

/* Begin PBXBuildFile section */
		1784FB212AF76C3100CC7334 /* medication_trackerApp.swift in Sources */ = {isa = PBXBuildFile; fileRef = 1784FB202AF76C3100CC7334 /* medication_trackerApp.swift */; };
		1784FB232AF76C3100CC7334 /* ContentView.swift in Sources */ = {isa = PBXBuildFile; fileRef = 1784FB222AF76C3100CC7334 /* ContentView.swift */; };
		1784FB252AF76C3400CC7334 /* Assets.xcassets in Resources */ = {isa = PBXBuildFile; fileRef = 1784FB242AF76C3400CC7334 /* Assets.xcassets */; };
		1784FB282AF76C3400CC7334 /* Preview Assets.xcassets in Resources */ = {isa = PBXBuildFile; fileRef = 1784FB272AF76C3400CC7334 /* Preview Assets.xcassets */; };
		1784FB2F2AF76C7100CC7334 /* Medication.swift in Sources */ = {isa = PBXBuildFile; fileRef = 1784FB2E2AF76C7100CC7334 /* Medication.swift */; };
		1784FB312AF76CA500CC7334 /* MedicationManager.swift in Sources */ = {isa = PBXBuildFile; fileRef = 1784FB302AF76CA500CC7334 /* MedicationManager.swift */; };
		1784FB352AF76DFA00CC7334 /* MedicationView.swift in Sources */ = {isa = PBXBuildFile; fileRef = 1784FB342AF76DFA00CC7334 /* MedicationView.swift */; };
		1784FB372AF76E1B00CC7334 /* MedicationListView.swift in Sources */ = {isa = PBXBuildFile; fileRef = 1784FB362AF76E1B00CC7334 /* MedicationListView.swift */; };
		35DE581C2AF79D39004FBF9D /* ColorExtension.swift in Sources */ = {isa = PBXBuildFile; fileRef = 35DE581B2AF79D39004FBF9D /* ColorExtension.swift */; };
/* End PBXBuildFile section */

/* Begin PBXFileReference section */
		1784FB1D2AF76C3100CC7334 /* medication tracker.app */ = {isa = PBXFileReference; explicitFileType = wrapper.application; includeInIndex = 0; path = "medication tracker.app"; sourceTree = BUILT_PRODUCTS_DIR; };
		1784FB202AF76C3100CC7334 /* medication_trackerApp.swift */ = {isa = PBXFileReference; lastKnownFileType = sourcecode.swift; path = medication_trackerApp.swift; sourceTree = "<group>"; };
		1784FB222AF76C3100CC7334 /* ContentView.swift */ = {isa = PBXFileReference; lastKnownFileType = sourcecode.swift; path = ContentView.swift; sourceTree = "<group>"; };
		1784FB242AF76C3400CC7334 /* Assets.xcassets */ = {isa = PBXFileReference; lastKnownFileType = folder.assetcatalog; path = Assets.xcassets; sourceTree = "<group>"; };
		1784FB272AF76C3400CC7334 /* Preview Assets.xcassets */ = {isa = PBXFileReference; lastKnownFileType = folder.assetcatalog; path = "Preview Assets.xcassets"; sourceTree = "<group>"; };
		1784FB2E2AF76C7100CC7334 /* Medication.swift */ = {isa = PBXFileReference; lastKnownFileType = sourcecode.swift; path = Medication.swift; sourceTree = "<group>"; };
		1784FB302AF76CA500CC7334 /* MedicationManager.swift */ = {isa = PBXFileReference; lastKnownFileType = sourcecode.swift; path = MedicationManager.swift; sourceTree = "<group>"; };
		1784FB342AF76DFA00CC7334 /* MedicationView.swift */ = {isa = PBXFileReference; lastKnownFileType = sourcecode.swift; path = MedicationView.swift; sourceTree = "<group>"; };
		1784FB362AF76E1B00CC7334 /* MedicationListView.swift */ = {isa = PBXFileReference; lastKnownFileType = sourcecode.swift; path = MedicationListView.swift; sourceTree = "<group>"; };
		35DE581B2AF79D39004FBF9D /* ColorExtension.swift */ = {isa = PBXFileReference; lastKnownFileType = sourcecode.swift; path = ColorExtension.swift; sourceTree = "<group>"; };
/* End PBXFileReference section */

/* Begin PBXFrameworksBuildPhase section */
		1784FB1A2AF76C3100CC7334 /* Frameworks */ = {
			isa = PBXFrameworksBuildPhase;
			buildActionMask = 2147483647;
			files = (
			);
			runOnlyForDeploymentPostprocessing = 0;
		};
/* End PBXFrameworksBuildPhase section */

/* Begin PBXGroup section */
		1784FB142AF76C3100CC7334 = {
			isa = PBXGroup;
			children = (
				1784FB1F2AF76C3100CC7334 /* medication tracker */,
				1784FB1E2AF76C3100CC7334 /* Products */,
			);
			sourceTree = "<group>";
		};
		1784FB1E2AF76C3100CC7334 /* Products */ = {
			isa = PBXGroup;
			children = (
				1784FB1D2AF76C3100CC7334 /* medication tracker.app */,
			);
			name = Products;
			sourceTree = "<group>";
		};
		1784FB1F2AF76C3100CC7334 /* medication tracker */ = {
			isa = PBXGroup;
			children = (
				1784FB202AF76C3100CC7334 /* medication_trackerApp.swift */,
				1784FB222AF76C3100CC7334 /* ContentView.swift */,
				1784FB2E2AF76C7100CC7334 /* Medication.swift */,
				1784FB302AF76CA500CC7334 /* MedicationManager.swift */,
				1784FB342AF76DFA00CC7334 /* MedicationView.swift */,
				1784FB362AF76E1B00CC7334 /* MedicationListView.swift */,
				35DE581B2AF79D39004FBF9D /* ColorExtension.swift */,
				1784FB242AF76C3400CC7334 /* Assets.xcassets */,
				1784FB262AF76C3400CC7334 /* Preview Content */,
			);
			path = "medication tracker";
			sourceTree = "<group>";
		};
		1784FB262AF76C3400CC7334 /* Preview Content */ = {
			isa = PBXGroup;
			children = (
				1784FB272AF76C3400CC7334 /* Preview Assets.xcassets */,
			);
			path = "Preview Content";
			sourceTree = "<group>";
		};
/* End PBXGroup section */

/* Begin PBXNativeTarget section */
		1784FB1C2AF76C3100CC7334 /* medication tracker */ = {
			isa = PBXNativeTarget;
			buildConfigurationList = 1784FB2B2AF76C3400CC7334 /* Build configuration list for PBXNativeTarget "medication tracker" */;
			buildPhases = (
				1784FB192AF76C3100CC7334 /* Sources */,
				1784FB1A2AF76C3100CC7334 /* Frameworks */,
				1784FB1B2AF76C3100CC7334 /* Resources */,
			);
			buildRules = (
			);
			dependencies = (
			);
			name = "medication tracker";
			productName = "medication tracker";
			productReference = 1784FB1D2AF76C3100CC7334 /* medication tracker.app */;
			productType = "com.apple.product-type.application";
		};
/* End PBXNativeTarget section */

/* Begin PBXProject section */
		1784FB152AF76C3100CC7334 /* Project object */ = {
			isa = PBXProject;
			attributes = {
				BuildIndependentTargetsInParallel = 1;
				LastSwiftUpdateCheck = 1500;
				LastUpgradeCheck = 1500;
				TargetAttributes = {
					1784FB1C2AF76C3100CC7334 = {
						CreatedOnToolsVersion = 15.0.1;
					};
				};
			};
			buildConfigurationList = 1784FB182AF76C3100CC7334 /* Build configuration list for PBXProject "medication tracker" */;
			compatibilityVersion = "Xcode 14.0";
			developmentRegion = en;
			hasScannedForEncodings = 0;
			knownRegions = (
				en,
				Base,
			);
			mainGroup = 1784FB142AF76C3100CC7334;
			productRefGroup = 1784FB1E2AF76C3100CC7334 /* Products */;
			projectDirPath = "";
			projectRoot = "";
			targets = (
				1784FB1C2AF76C3100CC7334 /* medication tracker */,
			);
		};
/* End PBXProject section */

/* Begin PBXResourcesBuildPhase section */
		1784FB1B2AF76C3100CC7334 /* Resources */ = {
			isa = PBXResourcesBuildPhase;
			buildActionMask = 2147483647;
			files = (
				1784FB282AF76C3400CC7334 /* Preview Assets.xcassets in Resources */,
				1784FB252AF76C3400CC7334 /* Assets.xcassets in Resources */,
			);
			runOnlyForDeploymentPostprocessing = 0;
		};
/* End PBXResourcesBuildPhase section */

/* Begin PBXSourcesBuildPhase section */
		1784FB192AF76C3100CC7334 /* Sources */ = {
			isa = PBXSourcesBuildPhase;
			buildActionMask = 2147483647;
			files = (
				1784FB232AF76C3100CC7334 /* ContentView.swift in Sources */,
				1784FB352AF76DFA00CC7334 /* MedicationView.swift in Sources */,
				1784FB2F2AF76C7100CC7334 /* Medication.swift in Sources */,
				1784FB312AF76CA500CC7334 /* MedicationManager.swift in Sources */,
				1784FB212AF76C3100CC7334 /* medication_trackerApp.swift in Sources */,
				35DE581C2AF79D39004FBF9D /* ColorExtension.swift in Sources */,
				1784FB372AF76E1B00CC7334 /* MedicationListView.swift in Sources */,
			);
			runOnlyForDeploymentPostprocessing = 0;
		};
/* End PBXSourcesBuildPhase section */

/* Begin XCBuildConfiguration section */
		1784FB292AF76C3400CC7334 /* Debug */ = {
			isa = XCBuildConfiguration;
			buildSettings = {
				ALWAYS_SEARCH_USER_PATHS = NO;
				ASSETCATALOG_COMPILER_GENERATE_SWIFT_ASSET_SYMBOL_EXTENSIONS = YES;
				CLANG_ANALYZER_NONNULL = YES;
				CLANG_ANALYZER_NUMBER_OBJECT_CONVERSION = YES_AGGRESSIVE;
				CLANG_CXX_LANGUAGE_STANDARD = "gnu++20";
				CLANG_ENABLE_MODULES = YES;
				CLANG_ENABLE_OBJC_ARC = YES;
				CLANG_ENABLE_OBJC_WEAK = YES;
				CLANG_WARN_BLOCK_CAPTURE_AUTORELEASING = YES;
				CLANG_WARN_BOOL_CONVERSION = YES;
				CLANG_WARN_COMMA = YES;
				CLANG_WARN_CONSTANT_CONVERSION = YES;
				CLANG_WARN_DEPRECATED_OBJC_IMPLEMENTATIONS = YES;
				CLANG_WARN_DIRECT_OBJC_ISA_USAGE = YES_ERROR;
				CLANG_WARN_DOCUMENTATION_COMMENTS = YES;
				CLANG_WARN_EMPTY_BODY = YES;
				CLANG_WARN_ENUM_CONVERSION = YES;
				CLANG_WARN_INFINITE_RECURSION = YES;
				CLANG_WARN_INT_CONVERSION = YES;
				CLANG_WARN_NON_LITERAL_NULL_CONVERSION = YES;
				CLANG_WARN_OBJC_IMPLICIT_RETAIN_SELF = YES;
				CLANG_WARN_OBJC_LITERAL_CONVERSION = YES;
				CLANG_WARN_OBJC_ROOT_CLASS = YES_ERROR;
				CLANG_WARN_QUOTED_INCLUDE_IN_FRAMEWORK_HEADER = YES;
				CLANG_WARN_RANGE_LOOP_ANALYSIS = YES;
				CLANG_WARN_STRICT_PROTOTYPES = YES;
				CLANG_WARN_SUSPICIOUS_MOVE = YES;
				CLANG_WARN_UNGUARDED_AVAILABILITY = YES_AGGRESSIVE;
				CLANG_WARN_UNREACHABLE_CODE = YES;
				CLANG_WARN__DUPLICATE_METHOD_MATCH = YES;
				COPY_PHASE_STRIP = NO;
				DEBUG_INFORMATION_FORMAT = dwarf;
				ENABLE_STRICT_OBJC_MSGSEND = YES;
				ENABLE_TESTABILITY = YES;
				ENABLE_USER_SCRIPT_SANDBOXING = YES;
				GCC_C_LANGUAGE_STANDARD = gnu17;
				GCC_DYNAMIC_NO_PIC = NO;
				GCC_NO_COMMON_BLOCKS = YES;
				GCC_OPTIMIZATION_LEVEL = 0;
				GCC_PREPROCESSOR_DEFINITIONS = (
					"DEBUG=1",
					"$(inherited)",
				);
				GCC_WARN_64_TO_32_BIT_CONVERSION = YES;
				GCC_WARN_ABOUT_RETURN_TYPE = YES_ERROR;
				GCC_WARN_UNDECLARED_SELECTOR = YES;
				GCC_WARN_UNINITIALIZED_AUTOS = YES_AGGRESSIVE;
				GCC_WARN_UNUSED_FUNCTION = YES;
				GCC_WARN_UNUSED_VARIABLE = YES;
				IPHONEOS_DEPLOYMENT_TARGET = 17.0;
				LOCALIZATION_PREFERS_STRING_CATALOGS = YES;
				MTL_ENABLE_DEBUG_INFO = INCLUDE_SOURCE;
				MTL_FAST_MATH = YES;
				ONLY_ACTIVE_ARCH = YES;
				SDKROOT = iphoneos;
				SWIFT_ACTIVE_COMPILATION_CONDITIONS = "DEBUG $(inherited)";
				SWIFT_OPTIMIZATION_LEVEL = "-Onone";
			};
			name = Debug;
		};
		1784FB2A2AF76C3400CC7334 /* Release */ = {
			isa = XCBuildConfiguration;
			buildSettings = {
				ALWAYS_SEARCH_USER_PATHS = NO;
				ASSETCATALOG_COMPILER_GENERATE_SWIFT_ASSET_SYMBOL_EXTENSIONS = YES;
				CLANG_ANALYZER_NONNULL = YES;
				CLANG_ANALYZER_NUMBER_OBJECT_CONVERSION = YES_AGGRESSIVE;
				CLANG_CXX_LANGUAGE_STANDARD = "gnu++20";
				CLANG_ENABLE_MODULES = YES;
				CLANG_ENABLE_OBJC_ARC = YES;
				CLANG_ENABLE_OBJC_WEAK = YES;
				CLANG_WARN_BLOCK_CAPTURE_AUTORELEASING = YES;
				CLANG_WARN_BOOL_CONVERSION = YES;
				CLANG_WARN_COMMA = YES;
				CLANG_WARN_CONSTANT_CONVERSION = YES;
				CLANG_WARN_DEPRECATED_OBJC_IMPLEMENTATIONS = YES;
				CLANG_WARN_DIRECT_OBJC_ISA_USAGE = YES_ERROR;
				CLANG_WARN_DOCUMENTATION_COMMENTS = YES;
				CLANG_WARN_EMPTY_BODY = YES;
				CLANG_WARN_ENUM_CONVERSION = YES;
				CLANG_WARN_INFINITE_RECURSION = YES;
				CLANG_WARN_INT_CONVERSION = YES;
				CLANG_WARN_NON_LITERAL_NULL_CONVERSION = YES;
				CLANG_WARN_OBJC_IMPLICIT_RETAIN_SELF = YES;
				CLANG_WARN_OBJC_LITERAL_CONVERSION = YES;
				CLANG_WARN_OBJC_ROOT_CLASS = YES_ERROR;
				CLANG_WARN_QUOTED_INCLUDE_IN_FRAMEWORK_HEADER = YES;
				CLANG_WARN_RANGE_LOOP_ANALYSIS = YES;
				CLANG_WARN_STRICT_PROTOTYPES = YES;
				CLANG_WARN_SUSPICIOUS_MOVE = YES;
				CLANG_WARN_UNGUARDED_AVAILABILITY = YES_AGGRESSIVE;
				CLANG_WARN_UNREACHABLE_CODE = YES;
				CLANG_WARN__DUPLICATE_METHOD_MATCH = YES;
				COPY_PHASE_STRIP = NO;
				DEBUG_INFORMATION_FORMAT = "dwarf-with-dsym";
				ENABLE_NS_ASSERTIONS = NO;
				ENABLE_STRICT_OBJC_MSGSEND = YES;
				ENABLE_USER_SCRIPT_SANDBOXING = YES;
				GCC_C_LANGUAGE_STANDARD = gnu17;
				GCC_NO_COMMON_BLOCKS = YES;
				GCC_WARN_64_TO_32_BIT_CONVERSION = YES;
				GCC_WARN_ABOUT_RETURN_TYPE = YES_ERROR;
				GCC_WARN_UNDECLARED_SELECTOR = YES;
				GCC_WARN_UNINITIALIZED_AUTOS = YES_AGGRESSIVE;
				GCC_WARN_UNUSED_FUNCTION = YES;
				GCC_WARN_UNUSED_VARIABLE = YES;
				IPHONEOS_DEPLOYMENT_TARGET = 17.0;
				LOCALIZATION_PREFERS_STRING_CATALOGS = YES;
				MTL_ENABLE_DEBUG_INFO = NO;
				MTL_FAST_MATH = YES;
				SDKROOT = iphoneos;
				SWIFT_COMPILATION_MODE = wholemodule;
				VALIDATE_PRODUCT = YES;
			};
			name = Release;
		};
		1784FB2C2AF76C3400CC7334 /* Debug */ = {
			isa = XCBuildConfiguration;
			buildSettings = {
				ASSETCATALOG_COMPILER_APPICON_NAME = AppIcon;
				ASSETCATALOG_COMPILER_GLOBAL_ACCENT_COLOR_NAME = AccentColor;
				CODE_SIGN_STYLE = Automatic;
				CURRENT_PROJECT_VERSION = 1;
				DEVELOPMENT_ASSET_PATHS = "\"medication tracker/Preview Content\"";
				DEVELOPMENT_TEAM = AVSVTS4UZ4;
				ENABLE_PREVIEWS = YES;
				GENERATE_INFOPLIST_FILE = YES;
				INFOPLIST_KEY_UIApplicationSceneManifest_Generation = YES;
				INFOPLIST_KEY_UIApplicationSupportsIndirectInputEvents = YES;
				INFOPLIST_KEY_UILaunchScreen_Generation = YES;
				INFOPLIST_KEY_UISupportedInterfaceOrientations_iPad = "UIInterfaceOrientationPortrait UIInterfaceOrientationPortraitUpsideDown UIInterfaceOrientationLandscapeLeft UIInterfaceOrientationLandscapeRight";
				INFOPLIST_KEY_UISupportedInterfaceOrientations_iPhone = "UIInterfaceOrientationPortrait UIInterfaceOrientationLandscapeLeft UIInterfaceOrientationLandscapeRight";
				LD_RUNPATH_SEARCH_PATHS = (
					"$(inherited)",
					"@executable_path/Frameworks",
				);
				MARKETING_VERSION = 1.0;
				PRODUCT_BUNDLE_IDENTIFIER = "test.medication-tracker";
				PRODUCT_NAME = "$(TARGET_NAME)";
				SWIFT_EMIT_LOC_STRINGS = YES;
				SWIFT_VERSION = 5.0;
				TARGETED_DEVICE_FAMILY = "1,2";
			};
			name = Debug;
		};
		1784FB2D2AF76C3400CC7334 /* Release */ = {
			isa = XCBuildConfiguration;
			buildSettings = {
				ASSETCATALOG_COMPILER_APPICON_NAME = AppIcon;
				ASSETCATALOG_COMPILER_GLOBAL_ACCENT_COLOR_NAME = AccentColor;
				CODE_SIGN_STYLE = Automatic;
				CURRENT_PROJECT_VERSION = 1;
				DEVELOPMENT_ASSET_PATHS = "\"medication tracker/Preview Content\"";
				DEVELOPMENT_TEAM = AVSVTS4UZ4;
				ENABLE_PREVIEWS = YES;
				GENERATE_INFOPLIST_FILE = YES;
				INFOPLIST_KEY_UIApplicationSceneManifest_Generation = YES;
				INFOPLIST_KEY_UIApplicationSupportsIndirectInputEvents = YES;
				INFOPLIST_KEY_UILaunchScreen_Generation = YES;
				INFOPLIST_KEY_UISupportedInterfaceOrientations_iPad = "UIInterfaceOrientationPortrait UIInterfaceOrientationPortraitUpsideDown UIInterfaceOrientationLandscapeLeft UIInterfaceOrientationLandscapeRight";
				INFOPLIST_KEY_UISupportedInterfaceOrientations_iPhone = "UIInterfaceOrientationPortrait UIInterfaceOrientationLandscapeLeft UIInterfaceOrientationLandscapeRight";
				LD_RUNPATH_SEARCH_PATHS = (
					"$(inherited)",
					"@executable_path/Frameworks",
				);
				MARKETING_VERSION = 1.0;
				PRODUCT_BUNDLE_IDENTIFIER = "test.medication-tracker";
				PRODUCT_NAME = "$(TARGET_NAME)";
				SWIFT_EMIT_LOC_STRINGS = YES;
				SWIFT_VERSION = 5.0;
				TARGETED_DEVICE_FAMILY = "1,2";
			};
			name = Release;
		};
/* End XCBuildConfiguration section */

/* Begin XCConfigurationList section */
		1784FB182AF76C3100CC7334 /* Build configuration list for PBXProject "medication tracker" */ = {
			isa = XCConfigurationList;
			buildConfigurations = (
				1784FB292AF76C3400CC7334 /* Debug */,
				1784FB2A2AF76C3400CC7334 /* Release */,
			);
			defaultConfigurationIsVisible = 0;
			defaultConfigurationName = Release;
		};
		1784FB2B2AF76C3400CC7334 /* Build configuration list for PBXNativeTarget "medication tracker" */ = {
			isa = XCConfigurationList;
			buildConfigurations = (
				1784FB2C2AF76C3400CC7334 /* Debug */,
				1784FB2D2AF76C3400CC7334 /* Release */,
			);
			defaultConfigurationIsVisible = 0;
			defaultConfigurationName = Release;
		};
/* End XCConfigurationList section */
	};
	rootObject = 1784FB152AF76C3100CC7334 /* Project object */;
}
